version = 1
revision = 1
requires-python = ">=3.11"

[[package]]
name = "graphical-interface"
version = "0.1.0"
source = { virtual = "." }
dependencies = [
    { name = "panda3d-gltf" },
    { name = "panda3d-simplepbr" },
]

[package.metadata]
requires-dist = [
    { name = "panda3d-gltf", specifier = ">=1.3.0" },
    { name = "panda3d-simplepbr", specifier = ">=0.13.0" },
]

[[package]]
name = "panda3d"
version = "1.10.15"
source = { registry = "https://pypi.org/simple" }
wheels = [
    { url = "https://files.pythonhosted.org/packages/77/65/92af5c08c61bd9e91cc09a4bf848784e01a26887994833101629b30a1a23/panda3d-1.10.15-cp311-cp311-macosx_10_9_x86_64.whl", hash = "sha256:d05a0a960637a9debb85c13a62635a8dbac6b65610ea226e316b7e4a68f12dc4", size = 67741611 },
    { url = "https://files.pythonhosted.org/packages/20/db/e6470468fae260e41a8da3abd8455c522318ac641fa08ed7f3fb5d97fe5c/panda3d-1.10.15-cp311-cp311-macosx_11_0_universal2.whl", hash = "sha256:fbcbe8dd9ae74fe151e9e6e64b297f5e754c272c5ea11925708da12773cb65de", size = 119040056 },
    { url = "https://files.pythonhosted.org/packages/5c/b6/dee33ad756c408ef1ac1d9c3195d81650354d3787e4bf48cddf4f7524007/panda3d-1.10.15-cp311-cp311-manylinux2014_aarch64.whl", hash = "sha256:2e96777cb13b09a749fba8f5e7a8a2e2abba7ce04ed1f8244e39879682bb6476", size = 48691319 },
    { url = "https://files.pythonhosted.org/packages/f8/43/afbc52251c111f0cef8b3e9d5221307f81d85bb26f4a3dca1ed7e70acf7a/panda3d-1.10.15-cp311-cp311-manylinux2014_x86_64.whl", hash = "sha256:0969b3d452469d75a3b23dd451c47fa7efb806016cedd153946865798a69df70", size = 54080585 },
    { url = "https://files.pythonhosted.org/packages/ec/7c/3f185df67870d91f3d33810453d3e23ff570303a5757edc87591d12dfdcd/panda3d-1.10.15-cp311-cp311-win32.whl", hash = "sha256:27c78a6e2f208c324d3a92534a0917a2b3aebcba626266d4322ba8e60447d92b", size = 53172458 },
    { url = "https://files.pythonhosted.org/packages/39/24/7cc50e87cdfa1ae0cc4248151aa25425b98af976ee3a2729975ed2644757/panda3d-1.10.15-cp311-cp311-win_amd64.whl", hash = "sha256:db071a53259fd8d3abedfc7d02030532eff02befe78515833767d3599034ba1a", size = 64492622 },
    { url = "https://files.pythonhosted.org/packages/7e/fa/75abdc0fe9790908713992b0ad7057a0c020643ca3d1eee2a7b2f86122c7/panda3d-1.10.15-cp312-cp312-macosx_10_9_x86_64.whl", hash = "sha256:d05bc9eb80f76f2a2925e177730dcfbf322bb44bd0f33eb9211a686ea7f6d1b4", size = 67862266 },
    { url = "https://files.pythonhosted.org/packages/d6/f6/d034095f4032eb5edf1091c49412e23e7ed64239351be3b7d51a86834c7f/panda3d-1.10.15-cp312-cp312-macosx_11_0_universal2.whl", hash = "sha256:d90cf73d83cf583acdcf1eea7a5cd60bf4af0de7bb83b96f2fa21541c539a744", size = 119238039 },
    { url = "https://files.pythonhosted.org/packages/3b/5f/08ae7354dfd7ca231184ffc452b5013273ad57b93767539b03ee4efed488/panda3d-1.10.15-cp312-cp312-manylinux2014_aarch64.whl", hash = "sha256:bb9897467fa41079f3f3c2a32d085798f3e9230424b533c8715521eec397703d", size = 49372153 },
    { url = "https://files.pythonhosted.org/packages/ba/55/793aa09978a4af91bd7d49775c481437844a12353238b71e19fe6e49048c/panda3d-1.10.15-cp312-cp312-manylinux2014_x86_64.whl", hash = "sha256:4493cba98ccd29352f1872641bf63750a546cf4dfd9c0953b356811c89573f0a", size = 54773405 },
    { url = "https://files.pythonhosted.org/packages/d8/57/6a9db4761c7c6d80b0f7235ce157fab212f12ee532c3d0eaa657fea71a24/panda3d-1.10.15-cp312-cp312-win32.whl", hash = "sha256:d27ef3662ebfb9a96096c85250002bc61bdf25ea4c5ad0e852151aa748778b9c", size = 53528327 },
    { url = "https://files.pythonhosted.org/packages/2c/11/32ac8302111c40fc33390531ad5f19d74db57bf294c0e46c64d2acdcb407/panda3d-1.10.15-cp312-cp312-win_amd64.whl", hash = "sha256:74b32cbbcba689fb50ef20ce9578e48fdfedfad1fbf9f48e74db22a06b04be60", size = 64913226 },
    { url = "https://files.pythonhosted.org/packages/40/cc/431c12cf540d79545ae1ccccc008398729c113014ffa4910ce39de021364/panda3d-1.10.15-cp313-cp313-macosx_10_13_x86_64.whl", hash = "sha256:57eabb76ce244e802b7bce0bff8fa976a762b3a14f69cdccbc7e7ce5d33591cb", size = 67709251 },
    { url = "https://files.pythonhosted.org/packages/d1/04/288f594da7553c8eec7a2b804af589ad4a8098f33bb632333aeaa3859cce/panda3d-1.10.15-cp313-cp313-macosx_11_0_universal2.whl", hash = "sha256:2fe3725aa53898ad2d8aef7bad023f8d2bbdc7618867ce123d9f56a9b3be82de", size = 119014322 },
    { url = "https://files.pythonhosted.org/packages/4b/68/52c4d1e1a54ecef5a1a29c6fb74a3d268b0272ac4d62efa967db3fc5c672/panda3d-1.10.15-cp313-cp313-manylinux2014_aarch64.whl", hash = "sha256:7f2959545e48c5d7e0b60102d7d09e4d8fb7c41e2256e731270efa5d201fd5d8", size = 49078308 },
    { url = "https://files.pythonhosted.org/packages/28/c6/7a10d4862eff79628d1f5a1598349cf195d1a32507d2c254bd58f6da8ff1/panda3d-1.10.15-cp313-cp313-manylinux2014_x86_64.whl", hash = "sha256:202613825dce4889d01cab47ded2a64f8b9f451a6dd9aac5395dbb130ee510e3", size = 54439383 },
    { url = "https://files.pythonhosted.org/packages/69/c2/00e52bc46e1b6c2402395376d8bac7cace177d03cccc360ec81154a33750/panda3d-1.10.15-cp313-cp313-win32.whl", hash = "sha256:ffac45e08b17447e1cfa2f1e7ec01e5d4c67b732479c21cba1b0751074ed2820", size = 54688761 },
    { url = "https://files.pythonhosted.org/packages/18/bb/b58be7df35d59fc72bba18efe345ce4451e970ca9f693309e47578578bda/panda3d-1.10.15-cp313-cp313-win_amd64.whl", hash = "sha256:81da0be19890802980828dde4c59f920f7e49bb9e6ec02375c899cace8074baf", size = 66266848 },
    { url = "https://files.pythonhosted.org/packages/5b/76/e73701c0a87ce67a01aca61743e9295e32712cfad3f7e8ec752add53e86f/panda3d-1.10.15-cp313-cp313t-macosx_10_13_x86_64.whl", hash = "sha256:26d024ef60b4d169c4ae10abbb6ce0bdfd0d5732eb61cc77e257987a06bc635c", size = 70116009 },
    { url = "https://files.pythonhosted.org/packages/88/44/8a2a43ef9755a19ba502b3e289e86f28c0fc26ffce4125340c2f7581f2d8/panda3d-1.10.15-cp313-cp313t-macosx_11_0_universal2.whl", hash = "sha256:ca13198b78e4d62ae9d9bfbc8e0fb8ce96d5ce725fa57e9becf69d5f54335f0f", size = 123651610 },
    { url = "https://files.pythonhosted.org/packages/cc/75/9684003c98ace58a1994cd5c4ee2bfd7d6c2cc2f78a0e041e45e22ba61ad/panda3d-1.10.15-cp313-cp313t-manylinux2014_aarch64.whl", hash = "sha256:9ad98a3f82443d572ccbfe78ab6ac1c5405b3107e005414fb5fbd2985b81b02f", size = 49499082 },
    { url = "https://files.pythonhosted.org/packages/ca/99/4f385683203646e81ad25f1ff880c7d46b2e1843b580bbbeb5a6643ca22d/panda3d-1.10.15-cp313-cp313t-manylinux2014_x86_64.whl", hash = "sha256:db8ad9ff7f48ee1d6b67716124aa8201aa49a92f95b58bb99822208bfbd32a8e", size = 54799011 },
    { url = "https://files.pythonhosted.org/packages/40/3e/fde3f06eb2843d9dc4b5cca2ef82888928849215deaeece6ca4be442e1cb/panda3d-1.10.15-cp313-cp313t-win32.whl", hash = "sha256:09f4a52918faa54f53fc523f2f0be84789cbf0432cc380960d8e3e8437b48021", size = 54826671 },
    { url = "https://files.pythonhosted.org/packages/1c/f7/318a80225b6785a562b00622db5f7fb2b1f76ab57723908051d1f953d33d/panda3d-1.10.15-cp313-cp313t-win_amd64.whl", hash = "sha256:fa195f2b57a6dd819e81bf13728d00f3973cf4c680245c70d7b669a3317decca", size = 66300865 },
]

[[package]]
name = "panda3d-gltf"
version = "1.3.0"
source = { registry = "https://pypi.org/simple" }
dependencies = [
    { name = "panda3d" },
    { name = "panda3d-simplepbr" },
]
sdist = { url = "https://files.pythonhosted.org/packages/6b/e9/36ea1b84bfbe4fafc60216fb8eb3f71ef3aa7156569f475621f8bb5eeb5e/panda3d_gltf-1.3.0.tar.gz", hash = "sha256:40ed155ca060f662e53c9bd5526fa91024dd308bc61ebe27218b20a5afb1d9ff", size = 29038 }
wheels = [
    { url = "https://files.pythonhosted.org/packages/24/0f/b9406c4434422822039a4daefdc479e71326131f2a0f80f88f7cfc60e9c8/panda3d_gltf-1.3.0-py3-none-any.whl", hash = "sha256:2512500ee7e2fc13431dc47e9510efff2c29b9dd82714bd2c36165be2c82ef97", size = 27758 },
]

[[package]]
name = "panda3d-simplepbr"
version = "0.13.0"
source = { registry = "https://pypi.org/simple" }
dependencies = [
    { name = "panda3d" },
    { name = "typing-extensions" },
]
sdist = { url = "https://files.pythonhosted.org/packages/a5/60/6cebd5e22fed44f59dbfb0cd62626ee75c42da0a3ec436b9b639f437f4f7/panda3d_simplepbr-0.13.0.tar.gz", hash = "sha256:9facb2fa1a7394e1cb3ea156caa42341b342a283a88c69d09132da3df0e6c16f", size = 6216034 }
wheels = [
    { url = "https://files.pythonhosted.org/packages/b4/44/cc1bb1fcf2826154690169b171cce72d77162125f12b0201b3dda9a29448/panda3d_simplepbr-0.13.0-py3-none-any.whl", hash = "sha256:15bbd9cdc8f1d07323a69d143ba77265fd2b3b1f2b5f9432e9866e4dea369f26", size = 2457051 },
]

[[package]]
name = "typing-extensions"
version = "4.12.2"
source = { registry = "https://pypi.org/simple" }
sdist = { url = "https://files.pythonhosted.org/packages/df/db/f35a00659bc03fec321ba8bce9420de607a1d37f8342eee1863174c69557/typing_extensions-4.12.2.tar.gz", hash = "sha256:1a7ead55c7e559dd4dee8856e3a88b41225abfe1ce8df57b7c13915fe121ffb8", size = 85321 }
wheels = [
    { url = "https://files.pythonhosted.org/packages/26/9f/ad63fc0248c5379346306f8668cda6e2e2e9c95e01216d2b8ffd9ff037d0/typing_extensions-4.12.2-py3-none-any.whl", hash = "sha256:04e5ca0351e0f3f85c6853954072df659d0d13fac324d0072316b67d7794700d", size = 37438 },
]
